// !$*UTF8*$!
{
	archiveVersion = 1;
	classes = {
	};
	objectVersion = 50;
	objects = {

/* Begin PBXBuildFile section */
		BD03883623B46B8400CA135F /* PageContentView.swift in Sources */ = {isa = PBXBuildFile; fileRef = BD03883523B46B8400CA135F /* PageContentView.swift */; };
		BD03883823B46FC300CA135F /* UIColor-Extension.swift in Sources */ = {isa = PBXBuildFile; fileRef = BD03883723B46FC300CA135F /* UIColor-Extension.swift */; };
		BD23D89523B33300009DBD1C /* Task.storyboard in Resources */ = {isa = PBXBuildFile; fileRef = BD23D89423B332FF009DBD1C /* Task.storyboard */; };
		BD23D89923B35047009DBD1C /* UIBarButtonItem-Extension.swift in Sources */ = {isa = PBXBuildFile; fileRef = BD23D89823B35047009DBD1C /* UIBarButtonItem-Extension.swift */; };
		BD23D89E23B35DB6009DBD1C /* PageTitleView.swift in Sources */ = {isa = PBXBuildFile; fileRef = BD23D89D23B35DB6009DBD1C /* PageTitleView.swift */; };
		BD23D8A023B360F6009DBD1C /* Common.swift in Sources */ = {isa = PBXBuildFile; fileRef = BD23D89F23B360F6009DBD1C /* Common.swift */; };
		BD3E632F23B23B25005E111B /* AppDelegate.swift in Sources */ = {isa = PBXBuildFile; fileRef = BD3E632E23B23B25005E111B /* AppDelegate.swift */; };
		BD3E633123B23B25005E111B /* SceneDelegate.swift in Sources */ = {isa = PBXBuildFile; fileRef = BD3E633023B23B25005E111B /* SceneDelegate.swift */; };
		BD3E633323B23B25005E111B /* ViewController.swift in Sources */ = {isa = PBXBuildFile; fileRef = BD3E633223B23B25005E111B /* ViewController.swift */; };
		BD3E633623B23B25005E111B /* Main.storyboard in Resources */ = {isa = PBXBuildFile; fileRef = BD3E633423B23B25005E111B /* Main.storyboard */; };
		BD3E633923B23B25005E111B /* oms.xcdatamodeld in Sources */ = {isa = PBXBuildFile; fileRef = BD3E633723B23B25005E111B /* oms.xcdatamodeld */; };
		BD3E633B23B23B26005E111B /* Assets.xcassets in Resources */ = {isa = PBXBuildFile; fileRef = BD3E633A23B23B26005E111B /* Assets.xcassets */; };
		BD3E633E23B23B26005E111B /* LaunchScreen.storyboard in Resources */ = {isa = PBXBuildFile; fileRef = BD3E633C23B23B26005E111B /* LaunchScreen.storyboard */; };
		BD3E634B23B23E8A005E111B /* MainViewController.swift in Sources */ = {isa = PBXBuildFile; fileRef = BD3E634A23B23E8A005E111B /* MainViewController.swift */; };
		BD3E635223B24314005E111B /* HomeViewController.swift in Sources */ = {isa = PBXBuildFile; fileRef = BD3E635123B24314005E111B /* HomeViewController.swift */; };
		BD3E635C23B24B9B005E111B /* Home.storyboard in Resources */ = {isa = PBXBuildFile; fileRef = BD3E635A23B24B9B005E111B /* Home.storyboard */; };
		BD3E635E23B24BB7005E111B /* Profile.storyboard in Resources */ = {isa = PBXBuildFile; fileRef = BD3E635D23B24BB7005E111B /* Profile.storyboard */; };
		BD3E636023B24DEB005E111B /* ProfileViewController.swift in Sources */ = {isa = PBXBuildFile; fileRef = BD3E635F23B24DEB005E111B /* ProfileViewController.swift */; };
/* End PBXBuildFile section */

/* Begin PBXFileReference section */
		BD03883523B46B8400CA135F /* PageContentView.swift */ = {isa = PBXFileReference; lastKnownFileType = sourcecode.swift; path = PageContentView.swift; sourceTree = "<group>"; };
		BD03883723B46FC300CA135F /* UIColor-Extension.swift */ = {isa = PBXFileReference; lastKnownFileType = sourcecode.swift; path = "UIColor-Extension.swift"; sourceTree = "<group>"; };
		BD23D89423B332FF009DBD1C /* Task.storyboard */ = {isa = PBXFileReference; fileEncoding = 4; lastKnownFileType = file.storyboard; path = Task.storyboard; sourceTree = SOURCE_ROOT; };
		BD23D89823B35047009DBD1C /* UIBarButtonItem-Extension.swift */ = {isa = PBXFileReference; lastKnownFileType = sourcecode.swift; path = "UIBarButtonItem-Extension.swift"; sourceTree = "<group>"; };
		BD23D89D23B35DB6009DBD1C /* PageTitleView.swift */ = {isa = PBXFileReference; lastKnownFileType = sourcecode.swift; path = PageTitleView.swift; sourceTree = "<group>"; };
		BD23D89F23B360F6009DBD1C /* Common.swift */ = {isa = PBXFileReference; lastKnownFileType = sourcecode.swift; path = Common.swift; sourceTree = "<group>"; };
		BD3E632B23B23B25005E111B /* oms.app */ = {isa = PBXFileReference; explicitFileType = wrapper.application; includeInIndex = 0; path = oms.app; sourceTree = BUILT_PRODUCTS_DIR; };
		BD3E632E23B23B25005E111B /* AppDelegate.swift */ = {isa = PBXFileReference; lastKnownFileType = sourcecode.swift; path = AppDelegate.swift; sourceTree = "<group>"; };
		BD3E633023B23B25005E111B /* SceneDelegate.swift */ = {isa = PBXFileReference; lastKnownFileType = sourcecode.swift; path = SceneDelegate.swift; sourceTree = "<group>"; };
		BD3E633223B23B25005E111B /* ViewController.swift */ = {isa = PBXFileReference; lastKnownFileType = sourcecode.swift; path = ViewController.swift; sourceTree = "<group>"; };
		BD3E633523B23B25005E111B /* Base */ = {isa = PBXFileReference; lastKnownFileType = file.storyboard; name = Base; path = Base.lproj/Main.storyboard; sourceTree = "<group>"; };
		BD3E633823B23B25005E111B /* oms.xcdatamodel */ = {isa = PBXFileReference; lastKnownFileType = wrapper.xcdatamodel; path = oms.xcdatamodel; sourceTree = "<group>"; };
		BD3E633A23B23B26005E111B /* Assets.xcassets */ = {isa = PBXFileReference; lastKnownFileType = folder.assetcatalog; path = Assets.xcassets; sourceTree = "<group>"; };
		BD3E633D23B23B26005E111B /* Base */ = {isa = PBXFileReference; lastKnownFileType = file.storyboard; name = Base; path = Base.lproj/LaunchScreen.storyboard; sourceTree = "<group>"; };
		BD3E633F23B23B26005E111B /* Info.plist */ = {isa = PBXFileReference; lastKnownFileType = text.plist.xml; path = Info.plist; sourceTree = "<group>"; };
		BD3E634A23B23E8A005E111B /* MainViewController.swift */ = {isa = PBXFileReference; lastKnownFileType = sourcecode.swift; path = MainViewController.swift; sourceTree = "<group>"; };
		BD3E635123B24314005E111B /* HomeViewController.swift */ = {isa = PBXFileReference; lastKnownFileType = sourcecode.swift; path = HomeViewController.swift; sourceTree = "<group>"; };
		BD3E635B23B24B9B005E111B /* Base */ = {isa = PBXFileReference; lastKnownFileType = file.storyboard; name = Base; path = oms/Classes/Main/Base.lproj/Home.storyboard; sourceTree = SOURCE_ROOT; };
		BD3E635D23B24BB7005E111B /* Profile.storyboard */ = {isa = PBXFileReference; fileEncoding = 4; lastKnownFileType = file.storyboard; path = Profile.storyboard; sourceTree = SOURCE_ROOT; };
		BD3E635F23B24DEB005E111B /* ProfileViewController.swift */ = {isa = PBXFileReference; lastKnownFileType = sourcecode.swift; path = ProfileViewController.swift; sourceTree = "<group>"; };
/* End PBXFileReference section */

/* Begin PBXFrameworksBuildPhase section */
		BD3E632823B23B25005E111B /* Frameworks */ = {
			isa = PBXFrameworksBuildPhase;
			buildActionMask = 2147483647;
			files = (
			);
			runOnlyForDeploymentPostprocessing = 0;
		};
/* End PBXFrameworksBuildPhase section */

/* Begin PBXGroup section */
		BD23D89023B332BA009DBD1C /* Task */ = {
			isa = PBXGroup;
			children = (
				BD23D89123B332BA009DBD1C /* Controller */,
				BD23D89223B332BA009DBD1C /* Model */,
				BD23D89323B332BA009DBD1C /* View */,
			);
			path = Task;
			sourceTree = "<group>";
		};
		BD23D89123B332BA009DBD1C /* Controller */ = {
			isa = PBXGroup;
			children = (
				BD23D89423B332FF009DBD1C /* Task.storyboard */,
			);
			path = Controller;
			sourceTree = "<group>";
		};
		BD23D89223B332BA009DBD1C /* Model */ = {
			isa = PBXGroup;
			children = (
			);
			path = Model;
			sourceTree = "<group>";
		};
		BD23D89323B332BA009DBD1C /* View */ = {
			isa = PBXGroup;
			children = (
			);
			path = View;
			sourceTree = "<group>";
		};
		BD23D89723B3500B009DBD1C /* Extension */ = {
			isa = PBXGroup;
			children = (
				BD23D89823B35047009DBD1C /* UIBarButtonItem-Extension.swift */,
				BD03883723B46FC300CA135F /* UIColor-Extension.swift */,
			);
			path = Extension;
			sourceTree = "<group>";
		};
		BD23D89A23B35CC4009DBD1C /* Model */ = {
			isa = PBXGroup;
			children = (
			);
			path = Model;
			sourceTree = "<group>";
		};
		BD23D89B23B35CC4009DBD1C /* Controller */ = {
			isa = PBXGroup;
			children = (
			);
			path = Controller;
			sourceTree = "<group>";
		};
		BD23D89C23B35CC4009DBD1C /* View */ = {
			isa = PBXGroup;
			children = (
				BD23D89D23B35DB6009DBD1C /* PageTitleView.swift */,
				BD03883523B46B8400CA135F /* PageContentView.swift */,
			);
			path = View;
			sourceTree = "<group>";
		};
		BD3E632223B23B25005E111B = {
			isa = PBXGroup;
			children = (
				BD3E632D23B23B25005E111B /* oms */,
				BD3E632C23B23B25005E111B /* Products */,
			);
			sourceTree = "<group>";
		};
		BD3E632C23B23B25005E111B /* Products */ = {
			isa = PBXGroup;
			children = (
				BD3E632B23B23B25005E111B /* oms.app */,
			);
			name = Products;
			sourceTree = "<group>";
		};
		BD3E632D23B23B25005E111B /* oms */ = {
			isa = PBXGroup;
			children = (
				BD3E634523B23B69005E111B /* Classes */,
				BD3E632E23B23B25005E111B /* AppDelegate.swift */,
				BD3E633023B23B25005E111B /* SceneDelegate.swift */,
				BD3E633223B23B25005E111B /* ViewController.swift */,
				BD3E633A23B23B26005E111B /* Assets.xcassets */,
				BD3E633C23B23B26005E111B /* LaunchScreen.storyboard */,
				BD3E633F23B23B26005E111B /* Info.plist */,
				BD3E633723B23B25005E111B /* oms.xcdatamodeld */,
			);
			path = oms;
			sourceTree = "<group>";
		};
		BD3E634523B23B69005E111B /* Classes */ = {
			isa = PBXGroup;
			children = (
				BD3E634623B23B69005E111B /* Home */,
				BD23D89023B332BA009DBD1C /* Task */,
				BD3E634823B23B69005E111B /* Profile */,
				BD3E634923B23B69005E111B /* Main */,
				BD3E634723B23B69005E111B /* Tools */,
			);
			path = Classes;
			sourceTree = "<group>";
		};
		BD3E634623B23B69005E111B /* Home */ = {
			isa = PBXGroup;
			children = (
				BD3E635423B2470E005E111B /* Controller */,
				BD3E635323B2470E005E111B /* Model */,
				BD3E635523B2470E005E111B /* View */,
			);
			path = Home;
			sourceTree = "<group>";
		};
		BD3E634723B23B69005E111B /* Tools */ = {
			isa = PBXGroup;
			children = (
				BD23D89723B3500B009DBD1C /* Extension */,
				BD23D89F23B360F6009DBD1C /* Common.swift */,
			);
			path = Tools;
			sourceTree = "<group>";
		};
		BD3E634823B23B69005E111B /* Profile */ = {
			isa = PBXGroup;
			children = (
				BD3E635D23B24BB7005E111B /* Profile.storyboard */,
				BD3E635F23B24DEB005E111B /* ProfileViewController.swift */,
			);
			path = Profile;
			sourceTree = "<group>";
		};
		BD3E634923B23B69005E111B /* Main */ = {
			isa = PBXGroup;
			children = (
				BD23D89B23B35CC4009DBD1C /* Controller */,
				BD23D89A23B35CC4009DBD1C /* Model */,
				BD23D89C23B35CC4009DBD1C /* View */,
				BD3E633423B23B25005E111B /* Main.storyboard */,
				BD3E634A23B23E8A005E111B /* MainViewController.swift */,
			);
			path = Main;
			sourceTree = "<group>";
		};
		BD3E635323B2470E005E111B /* Model */ = {
			isa = PBXGroup;
			children = (
			);
			path = Model;
			sourceTree = "<group>";
		};
		BD3E635423B2470E005E111B /* Controller */ = {
			isa = PBXGroup;
			children = (
				BD3E635A23B24B9B005E111B /* Home.storyboard */,
				BD3E635123B24314005E111B /* HomeViewController.swift */,
			);
			path = Controller;
			sourceTree = "<group>";
		};
		BD3E635523B2470E005E111B /* View */ = {
			isa = PBXGroup;
			children = (
			);
			path = View;
			sourceTree = "<group>";
		};
/* End PBXGroup section */

/* Begin PBXNativeTarget section */
		BD3E632A23B23B25005E111B /* oms */ = {
			isa = PBXNativeTarget;
			buildConfigurationList = BD3E634223B23B26005E111B /* Build configuration list for PBXNativeTarget "oms" */;
			buildPhases = (
				BD3E632723B23B25005E111B /* Sources */,
				BD3E632823B23B25005E111B /* Frameworks */,
				BD3E632923B23B25005E111B /* Resources */,
			);
			buildRules = (
			);
			dependencies = (
			);
			name = oms;
			productName = oms;
			productReference = BD3E632B23B23B25005E111B /* oms.app */;
			productType = "com.apple.product-type.application";
		};
/* End PBXNativeTarget section */

/* Begin PBXProject section */
		BD3E632323B23B25005E111B /* Project object */ = {
			isa = PBXProject;
			attributes = {
				LastSwiftUpdateCheck = 1130;
				LastUpgradeCheck = 1130;
				ORGANIZATIONNAME = onee;
				TargetAttributes = {
					BD3E632A23B23B25005E111B = {
						CreatedOnToolsVersion = 11.3;
					};
				};
			};
			buildConfigurationList = BD3E632623B23B25005E111B /* Build configuration list for PBXProject "oms" */;
			compatibilityVersion = "Xcode 9.3";
			developmentRegion = en;
			hasScannedForEncodings = 0;
			knownRegions = (
				en,
				Base,
			);
			mainGroup = BD3E632223B23B25005E111B;
			productRefGroup = BD3E632C23B23B25005E111B /* Products */;
			projectDirPath = "";
			projectRoot = "";
			targets = (
				BD3E632A23B23B25005E111B /* oms */,
			);
		};
/* End PBXProject section */

/* Begin PBXResourcesBuildPhase section */
		BD3E632923B23B25005E111B /* Resources */ = {
			isa = PBXResourcesBuildPhase;
			buildActionMask = 2147483647;
			files = (
				BD3E635E23B24BB7005E111B /* Profile.storyboard in Resources */,
				BD23D89523B33300009DBD1C /* Task.storyboard in Resources */,
				BD3E633E23B23B26005E111B /* LaunchScreen.storyboard in Resources */,
				BD3E635C23B24B9B005E111B /* Home.storyboard in Resources */,
				BD3E633B23B23B26005E111B /* Assets.xcassets in Resources */,
				BD3E633623B23B25005E111B /* Main.storyboard in Resources */,
			);
			runOnlyForDeploymentPostprocessing = 0;
		};
/* End PBXResourcesBuildPhase section */

/* Begin PBXSourcesBuildPhase section */
		BD3E632723B23B25005E111B /* Sources */ = {
			isa = PBXSourcesBuildPhase;
			buildActionMask = 2147483647;
			files = (
				BD3E633323B23B25005E111B /* ViewController.swift in Sources */,
				BD03883823B46FC300CA135F /* UIColor-Extension.swift in Sources */,
				BD3E632F23B23B25005E111B /* AppDelegate.swift in Sources */,
				BD03883623B46B8400CA135F /* PageContentView.swift in Sources */,
				BD23D89923B35047009DBD1C /* UIBarButtonItem-Extension.swift in Sources */,
				BD3E633123B23B25005E111B /* SceneDelegate.swift in Sources */,
				BD3E633923B23B25005E111B /* oms.xcdatamodeld in Sources */,
				BD3E636023B24DEB005E111B /* ProfileViewController.swift in Sources */,
				BD23D89E23B35DB6009DBD1C /* PageTitleView.swift in Sources */,
				BD3E634B23B23E8A005E111B /* MainViewController.swift in Sources */,
				BD23D8A023B360F6009DBD1C /* Common.swift in Sources */,
				BD3E635223B24314005E111B /* HomeViewController.swift in Sources */,
			);
			runOnlyForDeploymentPostprocessing = 0;
		};
/* End PBXSourcesBuildPhase section */

/* Begin PBXVariantGroup section */
		BD3E633423B23B25005E111B /* Main.storyboard */ = {
			isa = PBXVariantGroup;
			children = (
				BD3E633523B23B25005E111B /* Base */,
			);
			name = Main.storyboard;
			sourceTree = "<group>";
		};
		BD3E633C23B23B26005E111B /* LaunchScreen.storyboard */ = {
			isa = PBXVariantGroup;
			children = (
				BD3E633D23B23B26005E111B /* Base */,
			);
			name = LaunchScreen.storyboard;
			sourceTree = "<group>";
		};
		BD3E635A23B24B9B005E111B /* Home.storyboard */ = {
			isa = PBXVariantGroup;
			children = (
				BD3E635B23B24B9B005E111B /* Base */,
			);
			name = Home.storyboard;
			sourceTree = "<group>";
		};
/* End PBXVariantGroup section */

/* Begin XCBuildConfiguration section */
		BD3E634023B23B26005E111B /* Debug */ = {
			isa = XCBuildConfiguration;
			buildSettings = {
				ALWAYS_SEARCH_USER_PATHS = NO;
				CLANG_ANALYZER_NONNULL = YES;
				CLANG_ANALYZER_NUMBER_OBJECT_CONVERSION = YES_AGGRESSIVE;
				CLANG_CXX_LANGUAGE_STANDARD = "gnu++14";
				CLANG_CXX_LIBRARY = "libc++";
				CLANG_ENABLE_MODULES = YES;
				CLANG_ENABLE_OBJC_ARC = YES;
				CLANG_ENABLE_OBJC_WEAK = YES;
				CLANG_WARN_BLOCK_CAPTURE_AUTORELEASING = YES;
				CLANG_WARN_BOOL_CONVERSION = YES;
				CLANG_WARN_COMMA = YES;
				CLANG_WARN_CONSTANT_CONVERSION = YES;
				CLANG_WARN_DEPRECATED_OBJC_IMPLEMENTATIONS = YES;
				CLANG_WARN_DIRECT_OBJC_ISA_USAGE = YES_ERROR;
				CLANG_WARN_DOCUMENTATION_COMMENTS = YES;
				CLANG_WARN_EMPTY_BODY = YES;
				CLANG_WARN_ENUM_CONVERSION = YES;
				CLANG_WARN_INFINITE_RECURSION = YES;
				CLANG_WARN_INT_CONVERSION = YES;
				CLANG_WARN_NON_LITERAL_NULL_CONVERSION = YES;
				CLANG_WARN_OBJC_IMPLICIT_RETAIN_SELF = YES;
				CLANG_WARN_OBJC_LITERAL_CONVERSION = YES;
				CLANG_WARN_OBJC_ROOT_CLASS = YES_ERROR;
				CLANG_WARN_RANGE_LOOP_ANALYSIS = YES;
				CLANG_WARN_STRICT_PROTOTYPES = YES;
				CLANG_WARN_SUSPICIOUS_MOVE = YES;
				CLANG_WARN_UNGUARDED_AVAILABILITY = YES_AGGRESSIVE;
				CLANG_WARN_UNREACHABLE_CODE = YES;
				CLANG_WARN__DUPLICATE_METHOD_MATCH = YES;
				COPY_PHASE_STRIP = NO;
				DEBUG_INFORMATION_FORMAT = dwarf;
				ENABLE_STRICT_OBJC_MSGSEND = YES;
				ENABLE_TESTABILITY = YES;
				GCC_C_LANGUAGE_STANDARD = gnu11;
				GCC_DYNAMIC_NO_PIC = NO;
				GCC_NO_COMMON_BLOCKS = YES;
				GCC_OPTIMIZATION_LEVEL = 0;
				GCC_PREPROCESSOR_DEFINITIONS = (
					"DEBUG=1",
					"$(inherited)",
				);
				GCC_WARN_64_TO_32_BIT_CONVERSION = YES;
				GCC_WARN_ABOUT_RETURN_TYPE = YES_ERROR;
				GCC_WARN_UNDECLARED_SELECTOR = YES;
				GCC_WARN_UNINITIALIZED_AUTOS = YES_AGGRESSIVE;
				GCC_WARN_UNUSED_FUNCTION = YES;
				GCC_WARN_UNUSED_VARIABLE = YES;
				IPHONEOS_DEPLOYMENT_TARGET = 13.2;
				MTL_ENABLE_DEBUG_INFO = INCLUDE_SOURCE;
				MTL_FAST_MATH = YES;
				ONLY_ACTIVE_ARCH = YES;
				SDKROOT = iphoneos;
				SWIFT_ACTIVE_COMPILATION_CONDITIONS = DEBUG;
				SWIFT_OPTIMIZATION_LEVEL = "-Onone";
			};
			name = Debug;
		};
		BD3E634123B23B26005E111B /* Release */ = {
			isa = XCBuildConfiguration;
			buildSettings = {
				ALWAYS_SEARCH_USER_PATHS = NO;
				CLANG_ANALYZER_NONNULL = YES;
				CLANG_ANALYZER_NUMBER_OBJECT_CONVERSION = YES_AGGRESSIVE;
				CLANG_CXX_LANGUAGE_STANDARD = "gnu++14";
				CLANG_CXX_LIBRARY = "libc++";
				CLANG_ENABLE_MODULES = YES;
				CLANG_ENABLE_OBJC_ARC = YES;
				CLANG_ENABLE_OBJC_WEAK = YES;
				CLANG_WARN_BLOCK_CAPTURE_AUTORELEASING = YES;
				CLANG_WARN_BOOL_CONVERSION = YES;
				CLANG_WARN_COMMA = YES;
				CLANG_WARN_CONSTANT_CONVERSION = YES;
				CLANG_WARN_DEPRECATED_OBJC_IMPLEMENTATIONS = YES;
				CLANG_WARN_DIRECT_OBJC_ISA_USAGE = YES_ERROR;
				CLANG_WARN_DOCUMENTATION_COMMENTS = YES;
				CLANG_WARN_EMPTY_BODY = YES;
				CLANG_WARN_ENUM_CONVERSION = YES;
				CLANG_WARN_INFINITE_RECURSION = YES;
				CLANG_WARN_INT_CONVERSION = YES;
				CLANG_WARN_NON_LITERAL_NULL_CONVERSION = YES;
				CLANG_WARN_OBJC_IMPLICIT_RETAIN_SELF = YES;
				CLANG_WARN_OBJC_LITERAL_CONVERSION = YES;
				CLANG_WARN_OBJC_ROOT_CLASS = YES_ERROR;
				CLANG_WARN_RANGE_LOOP_ANALYSIS = YES;
				CLANG_WARN_STRICT_PROTOTYPES = YES;
				CLANG_WARN_SUSPICIOUS_MOVE = YES;
				CLANG_WARN_UNGUARDED_AVAILABILITY = YES_AGGRESSIVE;
				CLANG_WARN_UNREACHABLE_CODE = YES;
				CLANG_WARN__DUPLICATE_METHOD_MATCH = YES;
				COPY_PHASE_STRIP = NO;
				DEBUG_INFORMATION_FORMAT = "dwarf-with-dsym";
				ENABLE_NS_ASSERTIONS = NO;
				ENABLE_STRICT_OBJC_MSGSEND = YES;
				GCC_C_LANGUAGE_STANDARD = gnu11;
				GCC_NO_COMMON_BLOCKS = YES;
				GCC_WARN_64_TO_32_BIT_CONVERSION = YES;
				GCC_WARN_ABOUT_RETURN_TYPE = YES_ERROR;
				GCC_WARN_UNDECLARED_SELECTOR = YES;
				GCC_WARN_UNINITIALIZED_AUTOS = YES_AGGRESSIVE;
				GCC_WARN_UNUSED_FUNCTION = YES;
				GCC_WARN_UNUSED_VARIABLE = YES;
				IPHONEOS_DEPLOYMENT_TARGET = 13.2;
				MTL_ENABLE_DEBUG_INFO = NO;
				MTL_FAST_MATH = YES;
				SDKROOT = iphoneos;
				SWIFT_COMPILATION_MODE = wholemodule;
				SWIFT_OPTIMIZATION_LEVEL = "-O";
				VALIDATE_PRODUCT = YES;
			};
			name = Release;
		};
		BD3E634323B23B26005E111B /* Debug */ = {
			isa = XCBuildConfiguration;
			buildSettings = {
				ASSETCATALOG_COMPILER_APPICON_NAME = AppIcon;
				CODE_SIGN_STYLE = Automatic;
				DEVELOPMENT_TEAM = 4MWJWW6256;
				INFOPLIST_FILE = oms/Info.plist;
				IPHONEOS_DEPLOYMENT_TARGET = 13.0;
				LD_RUNPATH_SEARCH_PATHS = (
					"$(inherited)",
					"@executable_path/Frameworks",
				);
				PRODUCT_BUNDLE_IDENTIFIER = jcdt.oms;
				PRODUCT_NAME = "$(TARGET_NAME)";
				SWIFT_VERSION = 5.0;
				TARGETED_DEVICE_FAMILY = 1;
			};
			name = Debug;
		};
		BD3E634423B23B26005E111B /* Release */ = {
			isa = XCBuildConfiguration;
			buildSettings = {
				ASSETCATALOG_COMPILER_APPICON_NAME = AppIcon;
				CODE_SIGN_STYLE = Automatic;
				DEVELOPMENT_TEAM = 4MWJWW6256;
				INFOPLIST_FILE = oms/Info.plist;
				IPHONEOS_DEPLOYMENT_TARGET = 13.0;
				LD_RUNPATH_SEARCH_PATHS = (
					"$(inherited)",
					"@executable_path/Frameworks",
				);
				PRODUCT_BUNDLE_IDENTIFIER = jcdt.oms;
				PRODUCT_NAME = "$(TARGET_NAME)";
				SWIFT_VERSION = 5.0;
				TARGETED_DEVICE_FAMILY = 1;
			};
			name = Release;
		};
/* End XCBuildConfiguration section */

/* Begin XCConfigurationList section */
		BD3E632623B23B25005E111B /* Build configuration list for PBXProject "oms" */ = {
			isa = XCConfigurationList;
			buildConfigurations = (
				BD3E634023B23B26005E111B /* Debug */,
				BD3E634123B23B26005E111B /* Release */,
			);
			defaultConfigurationIsVisible = 0;
			defaultConfigurationName = Release;
		};
		BD3E634223B23B26005E111B /* Build configuration list for PBXNativeTarget "oms" */ = {
			isa = XCConfigurationList;
			buildConfigurations = (
				BD3E634323B23B26005E111B /* Debug */,
				BD3E634423B23B26005E111B /* Release */,
			);
			defaultConfigurationIsVisible = 0;
			defaultConfigurationName = Release;
		};
/* End XCConfigurationList section */

/* Begin XCVersionGroup section */
		BD3E633723B23B25005E111B /* oms.xcdatamodeld */ = {
			isa = XCVersionGroup;
			children = (
				BD3E633823B23B25005E111B /* oms.xcdatamodel */,
			);
			currentVersion = BD3E633823B23B25005E111B /* oms.xcdatamodel */;
			path = oms.xcdatamodeld;
			sourceTree = "<group>";
			versionGroupType = wrapper.xcdatamodel;
		};
/* End XCVersionGroup section */
	};
	rootObject = BD3E632323B23B25005E111B /* Project object */;
}
